
Microsoft Visual Studio Solution File, Format Version 12.00
# Visual Studio 2012
Project("{FAE04EC0-301F-11D3-BF4B-00C04F79EFBC}") = "XSockets.Client35", "XSockets.Client35\XSockets.Client35.csproj", "{BB4EE434-AEC9-4CB5-A1FD-66BDEE0DF411}"
EndProject
Project("{FAE04EC0-301F-11D3-BF4B-00C04F79EFBC}") = "XSockets.Client40", "XSockets.Client40\XSockets.Client40.csproj", "{B3CB3A37-04E0-4ED7-847E-451B260AE0A7}"
EndProject
Project("{FAE04EC0-301F-11D3-BF4B-00C04F79EFBC}") = "XSockets.ClientIOS", "XSockets.ClientIOS\XSockets.ClientIOS.csproj", "{B6388F6A-48FE-4B43-AA90-D8C02EF00AF5}"
EndProject
Project("{FAE04EC0-301F-11D3-BF4B-00C04F79EFBC}") = "XSockets.ClientAndroid", "XSockets.ClientAndroid\XSockets.ClientAndroid.csproj", "{3211D464-1FBB-45C0-AD1B-C06AC907D628}"
EndProject
Project("{FAE04EC0-301F-11D3-BF4B-00C04F79EFBC}") = "XSockets.ClientMF43", "XSockets.ClientMF43\XSockets.ClientMF43.csproj", "{B090CE13-BFA6-4914-9F90-770880F562D3}"
EndProject
Project("{FAE04EC0-301F-11D3-BF4B-00C04F79EFBC}") = "XSockets.ClientMF42", "XSockets.ClientMF42\XSockets.ClientMF42.csproj", "{D113A12B-2F10-4190-81C6-399784D8AFD8}"
EndProject
Project("{2150E333-8FDC-42A3-9474-1A3956D46DE8}") = "Solution Items", "Solution Items", "{70B1D75D-86BB-45DF-8FF4-6CB0D06034F6}"
	ProjectSection(SolutionItems) = preProject
		SharedAssemblyInfo.cs = SharedAssemblyInfo.cs
	EndProjectSection
EndProject
Global
	GlobalSection(SolutionConfigurationPlatforms) = preSolution
		Debug|Any CPU = Debug|Any CPU
		Release|Any CPU = Release|Any CPU
	EndGlobalSection
	GlobalSection(ProjectConfigurationPlatforms) = postSolution
		{BB4EE434-AEC9-4CB5-A1FD-66BDEE0DF411}.Debug|Any CPU.ActiveCfg = Debug|Any CPU
		{BB4EE434-AEC9-4CB5-A1FD-66BDEE0DF411}.Debug|Any CPU.Build.0 = Debug|Any CPU
		{BB4EE434-AEC9-4CB5-A1FD-66BDEE0DF411}.Release|Any CPU.ActiveCfg = Release|Any CPU
		{BB4EE434-AEC9-4CB5-A1FD-66BDEE0DF411}.Release|Any CPU.Build.0 = Release|Any CPU
		{B3CB3A37-04E0-4ED7-847E-451B260AE0A7}.Debug|Any CPU.ActiveCfg = Debug|Any CPU
		{B3CB3A37-04E0-4ED7-847E-451B260AE0A7}.Debug|Any CPU.Build.0 = Debug|Any CPU
		{B3CB3A37-04E0-4ED7-847E-451B260AE0A7}.Release|Any CPU.ActiveCfg = Release|Any CPU
		{B3CB3A37-04E0-4ED7-847E-451B260AE0A7}.Release|Any CPU.Build.0 = Release|Any CPU
		{B6388F6A-48FE-4B43-AA90-D8C02EF00AF5}.Debug|Any CPU.ActiveCfg = Debug|Any CPU
		{B6388F6A-48FE-4B43-AA90-D8C02EF00AF5}.Debug|Any CPU.Build.0 = Debug|Any CPU
		{B6388F6A-48FE-4B43-AA90-D8C02EF00AF5}.Release|Any CPU.ActiveCfg = Release|Any CPU
		{B6388F6A-48FE-4B43-AA90-D8C02EF00AF5}.Release|Any CPU.Build.0 = Release|Any CPU
		{3211D464-1FBB-45C0-AD1B-C06AC907D628}.Debug|Any CPU.ActiveCfg = Debug|Any CPU
		{3211D464-1FBB-45C0-AD1B-C06AC907D628}.Debug|Any CPU.Build.0 = Debug|Any CPU
		{3211D464-1FBB-45C0-AD1B-C06AC907D628}.Release|Any CPU.ActiveCfg = Release|Any CPU
		{3211D464-1FBB-45C0-AD1B-C06AC907D628}.Release|Any CPU.Build.0 = Release|Any CPU
		{B090CE13-BFA6-4914-9F90-770880F562D3}.Debug|Any CPU.ActiveCfg = Debug|Any CPU
		{B090CE13-BFA6-4914-9F90-770880F562D3}.Debug|Any CPU.Build.0 = Debug|Any CPU
		{B090CE13-BFA6-4914-9F90-770880F562D3}.Release|Any CPU.ActiveCfg = Release|Any CPU
		{B090CE13-BFA6-4914-9F90-770880F562D3}.Release|Any CPU.Build.0 = Release|Any CPU
		{D113A12B-2F10-4190-81C6-399784D8AFD8}.Debug|Any CPU.ActiveCfg = Debug|Any CPU
		{D113A12B-2F10-4190-81C6-399784D8AFD8}.Debug|Any CPU.Build.0 = Debug|Any CPU
		{D113A12B-2F10-4190-81C6-399784D8AFD8}.Release|Any CPU.ActiveCfg = Release|Any CPU
		{D113A12B-2F10-4190-81C6-399784D8AFD8}.Release|Any CPU.Build.0 = Release|Any CPU
	EndGlobalSection
	GlobalSection(SolutionProperties) = preSolution
		HideSolutionNode = FALSE
	EndGlobalSection
EndGlobal
