
Microsoft Visual Studio Solution File, Format Version 12.00
# Visual Studio 14
VisualStudioVersion = 14.0.25420.1
MinimumVisualStudioVersion = 10.0.40219.1
Project("{D954291E-2A0B-460D-934E-DC6B0785DB48}") = "XSockets.Shared.Client", "XSockets.Shared.Client\XSockets.Shared.Client.shproj", "{0C230FC9-E5B6-4B83-99DF-2BC0489382F3}"
EndProject
Project("{2150E333-8FDC-42A3-9474-1A3956D46DE8}") = "Shared", "Shared", "{95153AFB-4485-43BC-85CA-F90A1AA0B801}"
EndProject
Project("{FAE04EC0-301F-11D3-BF4B-00C04F79EFBC}") = "XSockets.Client.UWP", "XSockets.Client.UWP\XSockets.Client.UWP.csproj", "{F6D6F54A-7EA0-41F2-805C-43D05C1144E3}"
EndProject
Project("{FAE04EC0-301F-11D3-BF4B-00C04F79EFBC}") = "XSockets.Client.Android", "XSockets.Client.Android\XSockets.Client.Android.csproj", "{0D2758D8-291F-496A-A2AE-485136FC114C}"
EndProject
Project("{FAE04EC0-301F-11D3-BF4B-00C04F79EFBC}") = "XSockets.Client.WP", "XSockets.Client.WP\XSockets.Client.WP.csproj", "{0CB606D6-66FB-4049-BABF-0728B8FF26EA}"
EndProject
Project("{FAE04EC0-301F-11D3-BF4B-00C04F79EFBC}") = "XSockets.Client.iOS", "XSockets.Client.iOS\XSockets.Client.iOS.csproj", "{5649E0E9-1398-45A6-8B03-D38F242FB87E}"
EndProject
Project("{FAE04EC0-301F-11D3-BF4B-00C04F79EFBC}") = "XSockets.Client.NetFX", "XSockets.Client.NetFX\XSockets.Client.NetFX.csproj", "{D7A08280-8550-4B51-A0E0-7CAB50661075}"
EndProject
Project("{2150E333-8FDC-42A3-9474-1A3956D46DE8}") = "Solution Items", "Solution Items", "{B7ACB7DB-2310-418F-8153-A6BC85752961}"
	ProjectSection(SolutionItems) = preProject
		NugetPacker.ps1 = NugetPacker.ps1
		XSockets.Client.nuspec = XSockets.Client.nuspec
	EndProjectSection
EndProject
Project("{FAE04EC0-301F-11D3-BF4B-00C04F79EFBC}") = "XSockets.Client.Net35", "XSockets.Client.Net35\XSockets.Client.Net35.csproj", "{F1B1586D-591F-4238-904A-1356302606E3}"
EndProject
Project("{FAE04EC0-301F-11D3-BF4B-00C04F79EFBC}") = "TestProject", "TestProject\TestProject.csproj", "{41276A7D-8D26-49E2-8638-62A812766870}"
EndProject
Global
	GlobalSection(SharedMSBuildProjectFiles) = preSolution
		XSockets.Shared.Client\XSockets.Shared.Client.projitems*{0c230fc9-e5b6-4b83-99df-2bc0489382f3}*SharedItemsImports = 13
		XSockets.Shared.Client\XSockets.Shared.Client.projitems*{0cb606d6-66fb-4049-babf-0728b8ff26ea}*SharedItemsImports = 4
		XSockets.Shared.Client\XSockets.Shared.Client.projitems*{0d2758d8-291f-496a-a2ae-485136fc114c}*SharedItemsImports = 4
		XSockets.Shared.Client\XSockets.Shared.Client.projitems*{5649e0e9-1398-45a6-8b03-d38f242fb87e}*SharedItemsImports = 4
		XSockets.Shared.Client\XSockets.Shared.Client.projitems*{d7a08280-8550-4b51-a0e0-7cab50661075}*SharedItemsImports = 4
		XSockets.Shared.Client\XSockets.Shared.Client.projitems*{f6d6f54a-7ea0-41f2-805c-43d05c1144e3}*SharedItemsImports = 4
	EndGlobalSection
	GlobalSection(SolutionConfigurationPlatforms) = preSolution
		Ad-Hoc|Any CPU = Ad-Hoc|Any CPU
		Ad-Hoc|ARM = Ad-Hoc|ARM
		Ad-Hoc|iPhone = Ad-Hoc|iPhone
		Ad-Hoc|iPhoneSimulator = Ad-Hoc|iPhoneSimulator
		Ad-Hoc|x64 = Ad-Hoc|x64
		Ad-Hoc|x86 = Ad-Hoc|x86
		AppStore|Any CPU = AppStore|Any CPU
		AppStore|ARM = AppStore|ARM
		AppStore|iPhone = AppStore|iPhone
		AppStore|iPhoneSimulator = AppStore|iPhoneSimulator
		AppStore|x64 = AppStore|x64
		AppStore|x86 = AppStore|x86
		Debug|Any CPU = Debug|Any CPU
		Debug|ARM = Debug|ARM
		Debug|iPhone = Debug|iPhone
		Debug|iPhoneSimulator = Debug|iPhoneSimulator
		Debug|x64 = Debug|x64
		Debug|x86 = Debug|x86
		Release|Any CPU = Release|Any CPU
		Release|ARM = Release|ARM
		Release|iPhone = Release|iPhone
		Release|iPhoneSimulator = Release|iPhoneSimulator
		Release|x64 = Release|x64
		Release|x86 = Release|x86
	EndGlobalSection
	GlobalSection(ProjectConfigurationPlatforms) = postSolution
		{F6D6F54A-7EA0-41F2-805C-43D05C1144E3}.Ad-Hoc|Any CPU.ActiveCfg = Release|Any CPU
		{F6D6F54A-7EA0-41F2-805C-43D05C1144E3}.Ad-Hoc|Any CPU.Build.0 = Release|Any CPU
		{F6D6F54A-7EA0-41F2-805C-43D05C1144E3}.Ad-Hoc|ARM.ActiveCfg = Release|ARM
		{F6D6F54A-7EA0-41F2-805C-43D05C1144E3}.Ad-Hoc|ARM.Build.0 = Release|ARM
		{F6D6F54A-7EA0-41F2-805C-43D05C1144E3}.Ad-Hoc|iPhone.ActiveCfg = Release|Any CPU
		{F6D6F54A-7EA0-41F2-805C-43D05C1144E3}.Ad-Hoc|iPhone.Build.0 = Release|Any CPU
		{F6D6F54A-7EA0-41F2-805C-43D05C1144E3}.Ad-Hoc|iPhoneSimulator.ActiveCfg = Release|Any CPU
		{F6D6F54A-7EA0-41F2-805C-43D05C1144E3}.Ad-Hoc|iPhoneSimulator.Build.0 = Release|Any CPU
		{F6D6F54A-7EA0-41F2-805C-43D05C1144E3}.Ad-Hoc|x64.ActiveCfg = Release|x64
		{F6D6F54A-7EA0-41F2-805C-43D05C1144E3}.Ad-Hoc|x64.Build.0 = Release|x64
		{F6D6F54A-7EA0-41F2-805C-43D05C1144E3}.Ad-Hoc|x86.ActiveCfg = Release|x86
		{F6D6F54A-7EA0-41F2-805C-43D05C1144E3}.Ad-Hoc|x86.Build.0 = Release|x86
		{F6D6F54A-7EA0-41F2-805C-43D05C1144E3}.AppStore|Any CPU.ActiveCfg = Release|Any CPU
		{F6D6F54A-7EA0-41F2-805C-43D05C1144E3}.AppStore|Any CPU.Build.0 = Release|Any CPU
		{F6D6F54A-7EA0-41F2-805C-43D05C1144E3}.AppStore|ARM.ActiveCfg = Release|ARM
		{F6D6F54A-7EA0-41F2-805C-43D05C1144E3}.AppStore|ARM.Build.0 = Release|ARM
		{F6D6F54A-7EA0-41F2-805C-43D05C1144E3}.AppStore|iPhone.ActiveCfg = Release|Any CPU
		{F6D6F54A-7EA0-41F2-805C-43D05C1144E3}.AppStore|iPhone.Build.0 = Release|Any CPU
		{F6D6F54A-7EA0-41F2-805C-43D05C1144E3}.AppStore|iPhoneSimulator.ActiveCfg = Release|Any CPU
		{F6D6F54A-7EA0-41F2-805C-43D05C1144E3}.AppStore|iPhoneSimulator.Build.0 = Release|Any CPU
		{F6D6F54A-7EA0-41F2-805C-43D05C1144E3}.AppStore|x64.ActiveCfg = Release|x64
		{F6D6F54A-7EA0-41F2-805C-43D05C1144E3}.AppStore|x64.Build.0 = Release|x64
		{F6D6F54A-7EA0-41F2-805C-43D05C1144E3}.AppStore|x86.ActiveCfg = Release|x86
		{F6D6F54A-7EA0-41F2-805C-43D05C1144E3}.AppStore|x86.Build.0 = Release|x86
		{F6D6F54A-7EA0-41F2-805C-43D05C1144E3}.Debug|Any CPU.ActiveCfg = Debug|Any CPU
		{F6D6F54A-7EA0-41F2-805C-43D05C1144E3}.Debug|Any CPU.Build.0 = Debug|Any CPU
		{F6D6F54A-7EA0-41F2-805C-43D05C1144E3}.Debug|ARM.ActiveCfg = Debug|ARM
		{F6D6F54A-7EA0-41F2-805C-43D05C1144E3}.Debug|ARM.Build.0 = Debug|ARM
		{F6D6F54A-7EA0-41F2-805C-43D05C1144E3}.Debug|iPhone.ActiveCfg = Debug|Any CPU
		{F6D6F54A-7EA0-41F2-805C-43D05C1144E3}.Debug|iPhone.Build.0 = Debug|Any CPU
		{F6D6F54A-7EA0-41F2-805C-43D05C1144E3}.Debug|iPhoneSimulator.ActiveCfg = Debug|Any CPU
		{F6D6F54A-7EA0-41F2-805C-43D05C1144E3}.Debug|iPhoneSimulator.Build.0 = Debug|Any CPU
		{F6D6F54A-7EA0-41F2-805C-43D05C1144E3}.Debug|x64.ActiveCfg = Debug|x64
		{F6D6F54A-7EA0-41F2-805C-43D05C1144E3}.Debug|x64.Build.0 = Debug|x64
		{F6D6F54A-7EA0-41F2-805C-43D05C1144E3}.Debug|x86.ActiveCfg = Debug|x86
		{F6D6F54A-7EA0-41F2-805C-43D05C1144E3}.Debug|x86.Build.0 = Debug|x86
		{F6D6F54A-7EA0-41F2-805C-43D05C1144E3}.Release|Any CPU.ActiveCfg = Release|Any CPU
		{F6D6F54A-7EA0-41F2-805C-43D05C1144E3}.Release|Any CPU.Build.0 = Release|Any CPU
		{F6D6F54A-7EA0-41F2-805C-43D05C1144E3}.Release|ARM.ActiveCfg = Release|ARM
		{F6D6F54A-7EA0-41F2-805C-43D05C1144E3}.Release|ARM.Build.0 = Release|ARM
		{F6D6F54A-7EA0-41F2-805C-43D05C1144E3}.Release|iPhone.ActiveCfg = Release|Any CPU
		{F6D6F54A-7EA0-41F2-805C-43D05C1144E3}.Release|iPhone.Build.0 = Release|Any CPU
		{F6D6F54A-7EA0-41F2-805C-43D05C1144E3}.Release|iPhoneSimulator.ActiveCfg = Release|Any CPU
		{F6D6F54A-7EA0-41F2-805C-43D05C1144E3}.Release|iPhoneSimulator.Build.0 = Release|Any CPU
		{F6D6F54A-7EA0-41F2-805C-43D05C1144E3}.Release|x64.ActiveCfg = Release|x64
		{F6D6F54A-7EA0-41F2-805C-43D05C1144E3}.Release|x64.Build.0 = Release|x64
		{F6D6F54A-7EA0-41F2-805C-43D05C1144E3}.Release|x86.ActiveCfg = Release|x86
		{F6D6F54A-7EA0-41F2-805C-43D05C1144E3}.Release|x86.Build.0 = Release|x86
		{0D2758D8-291F-496A-A2AE-485136FC114C}.Ad-Hoc|Any CPU.ActiveCfg = Release|Any CPU
		{0D2758D8-291F-496A-A2AE-485136FC114C}.Ad-Hoc|Any CPU.Build.0 = Release|Any CPU
		{0D2758D8-291F-496A-A2AE-485136FC114C}.Ad-Hoc|ARM.ActiveCfg = Release|Any CPU
		{0D2758D8-291F-496A-A2AE-485136FC114C}.Ad-Hoc|ARM.Build.0 = Release|Any CPU
		{0D2758D8-291F-496A-A2AE-485136FC114C}.Ad-Hoc|iPhone.ActiveCfg = Release|Any CPU
		{0D2758D8-291F-496A-A2AE-485136FC114C}.Ad-Hoc|iPhone.Build.0 = Release|Any CPU
		{0D2758D8-291F-496A-A2AE-485136FC114C}.Ad-Hoc|iPhoneSimulator.ActiveCfg = Release|Any CPU
		{0D2758D8-291F-496A-A2AE-485136FC114C}.Ad-Hoc|iPhoneSimulator.Build.0 = Release|Any CPU
		{0D2758D8-291F-496A-A2AE-485136FC114C}.Ad-Hoc|x64.ActiveCfg = Release|Any CPU
		{0D2758D8-291F-496A-A2AE-485136FC114C}.Ad-Hoc|x64.Build.0 = Release|Any CPU
		{0D2758D8-291F-496A-A2AE-485136FC114C}.Ad-Hoc|x86.ActiveCfg = Release|Any CPU
		{0D2758D8-291F-496A-A2AE-485136FC114C}.Ad-Hoc|x86.Build.0 = Release|Any CPU
		{0D2758D8-291F-496A-A2AE-485136FC114C}.AppStore|Any CPU.ActiveCfg = Release|Any CPU
		{0D2758D8-291F-496A-A2AE-485136FC114C}.AppStore|Any CPU.Build.0 = Release|Any CPU
		{0D2758D8-291F-496A-A2AE-485136FC114C}.AppStore|ARM.ActiveCfg = Release|Any CPU
		{0D2758D8-291F-496A-A2AE-485136FC114C}.AppStore|ARM.Build.0 = Release|Any CPU
		{0D2758D8-291F-496A-A2AE-485136FC114C}.AppStore|iPhone.ActiveCfg = Release|Any CPU
		{0D2758D8-291F-496A-A2AE-485136FC114C}.AppStore|iPhone.Build.0 = Release|Any CPU
		{0D2758D8-291F-496A-A2AE-485136FC114C}.AppStore|iPhoneSimulator.ActiveCfg = Release|Any CPU
		{0D2758D8-291F-496A-A2AE-485136FC114C}.AppStore|iPhoneSimulator.Build.0 = Release|Any CPU
		{0D2758D8-291F-496A-A2AE-485136FC114C}.AppStore|x64.ActiveCfg = Release|Any CPU
		{0D2758D8-291F-496A-A2AE-485136FC114C}.AppStore|x64.Build.0 = Release|Any CPU
		{0D2758D8-291F-496A-A2AE-485136FC114C}.AppStore|x86.ActiveCfg = Release|Any CPU
		{0D2758D8-291F-496A-A2AE-485136FC114C}.AppStore|x86.Build.0 = Release|Any CPU
		{0D2758D8-291F-496A-A2AE-485136FC114C}.Debug|Any CPU.ActiveCfg = Debug|Any CPU
		{0D2758D8-291F-496A-A2AE-485136FC114C}.Debug|Any CPU.Build.0 = Debug|Any CPU
		{0D2758D8-291F-496A-A2AE-485136FC114C}.Debug|ARM.ActiveCfg = Debug|Any CPU
		{0D2758D8-291F-496A-A2AE-485136FC114C}.Debug|ARM.Build.0 = Debug|Any CPU
		{0D2758D8-291F-496A-A2AE-485136FC114C}.Debug|iPhone.ActiveCfg = Debug|Any CPU
		{0D2758D8-291F-496A-A2AE-485136FC114C}.Debug|iPhone.Build.0 = Debug|Any CPU
		{0D2758D8-291F-496A-A2AE-485136FC114C}.Debug|iPhoneSimulator.ActiveCfg = Debug|Any CPU
		{0D2758D8-291F-496A-A2AE-485136FC114C}.Debug|iPhoneSimulator.Build.0 = Debug|Any CPU
		{0D2758D8-291F-496A-A2AE-485136FC114C}.Debug|x64.ActiveCfg = Debug|Any CPU
		{0D2758D8-291F-496A-A2AE-485136FC114C}.Debug|x64.Build.0 = Debug|Any CPU
		{0D2758D8-291F-496A-A2AE-485136FC114C}.Debug|x86.ActiveCfg = Debug|Any CPU
		{0D2758D8-291F-496A-A2AE-485136FC114C}.Debug|x86.Build.0 = Debug|Any CPU
		{0D2758D8-291F-496A-A2AE-485136FC114C}.Release|Any CPU.ActiveCfg = Release|Any CPU
		{0D2758D8-291F-496A-A2AE-485136FC114C}.Release|Any CPU.Build.0 = Release|Any CPU
		{0D2758D8-291F-496A-A2AE-485136FC114C}.Release|ARM.ActiveCfg = Release|Any CPU
		{0D2758D8-291F-496A-A2AE-485136FC114C}.Release|iPhone.ActiveCfg = Release|Any CPU
		{0D2758D8-291F-496A-A2AE-485136FC114C}.Release|iPhone.Build.0 = Release|Any CPU
		{0D2758D8-291F-496A-A2AE-485136FC114C}.Release|iPhoneSimulator.ActiveCfg = Release|Any CPU
		{0D2758D8-291F-496A-A2AE-485136FC114C}.Release|iPhoneSimulator.Build.0 = Release|Any CPU
		{0D2758D8-291F-496A-A2AE-485136FC114C}.Release|x64.ActiveCfg = Release|Any CPU
		{0D2758D8-291F-496A-A2AE-485136FC114C}.Release|x64.Build.0 = Release|Any CPU
		{0D2758D8-291F-496A-A2AE-485136FC114C}.Release|x86.ActiveCfg = Release|Any CPU
		{0D2758D8-291F-496A-A2AE-485136FC114C}.Release|x86.Build.0 = Release|Any CPU
		{0CB606D6-66FB-4049-BABF-0728B8FF26EA}.Ad-Hoc|Any CPU.ActiveCfg = Release|Any CPU
		{0CB606D6-66FB-4049-BABF-0728B8FF26EA}.Ad-Hoc|Any CPU.Build.0 = Release|Any CPU
		{0CB606D6-66FB-4049-BABF-0728B8FF26EA}.Ad-Hoc|ARM.ActiveCfg = Release|ARM
		{0CB606D6-66FB-4049-BABF-0728B8FF26EA}.Ad-Hoc|ARM.Build.0 = Release|ARM
		{0CB606D6-66FB-4049-BABF-0728B8FF26EA}.Ad-Hoc|iPhone.ActiveCfg = Release|Any CPU
		{0CB606D6-66FB-4049-BABF-0728B8FF26EA}.Ad-Hoc|iPhone.Build.0 = Release|Any CPU
		{0CB606D6-66FB-4049-BABF-0728B8FF26EA}.Ad-Hoc|iPhoneSimulator.ActiveCfg = Release|Any CPU
		{0CB606D6-66FB-4049-BABF-0728B8FF26EA}.Ad-Hoc|iPhoneSimulator.Build.0 = Release|Any CPU
		{0CB606D6-66FB-4049-BABF-0728B8FF26EA}.Ad-Hoc|x64.ActiveCfg = Release|Any CPU
		{0CB606D6-66FB-4049-BABF-0728B8FF26EA}.Ad-Hoc|x64.Build.0 = Release|Any CPU
		{0CB606D6-66FB-4049-BABF-0728B8FF26EA}.Ad-Hoc|x86.ActiveCfg = Release|x86
		{0CB606D6-66FB-4049-BABF-0728B8FF26EA}.Ad-Hoc|x86.Build.0 = Release|x86
		{0CB606D6-66FB-4049-BABF-0728B8FF26EA}.AppStore|Any CPU.ActiveCfg = Release|Any CPU
		{0CB606D6-66FB-4049-BABF-0728B8FF26EA}.AppStore|Any CPU.Build.0 = Release|Any CPU
		{0CB606D6-66FB-4049-BABF-0728B8FF26EA}.AppStore|ARM.ActiveCfg = Release|ARM
		{0CB606D6-66FB-4049-BABF-0728B8FF26EA}.AppStore|ARM.Build.0 = Release|ARM
		{0CB606D6-66FB-4049-BABF-0728B8FF26EA}.AppStore|iPhone.ActiveCfg = Release|Any CPU
		{0CB606D6-66FB-4049-BABF-0728B8FF26EA}.AppStore|iPhone.Build.0 = Release|Any CPU
		{0CB606D6-66FB-4049-BABF-0728B8FF26EA}.AppStore|iPhoneSimulator.ActiveCfg = Release|Any CPU
		{0CB606D6-66FB-4049-BABF-0728B8FF26EA}.AppStore|iPhoneSimulator.Build.0 = Release|Any CPU
		{0CB606D6-66FB-4049-BABF-0728B8FF26EA}.AppStore|x64.ActiveCfg = Release|Any CPU
		{0CB606D6-66FB-4049-BABF-0728B8FF26EA}.AppStore|x64.Build.0 = Release|Any CPU
		{0CB606D6-66FB-4049-BABF-0728B8FF26EA}.AppStore|x86.ActiveCfg = Release|x86
		{0CB606D6-66FB-4049-BABF-0728B8FF26EA}.AppStore|x86.Build.0 = Release|x86
		{0CB606D6-66FB-4049-BABF-0728B8FF26EA}.Debug|Any CPU.ActiveCfg = Debug|Any CPU
		{0CB606D6-66FB-4049-BABF-0728B8FF26EA}.Debug|Any CPU.Build.0 = Debug|Any CPU
		{0CB606D6-66FB-4049-BABF-0728B8FF26EA}.Debug|ARM.ActiveCfg = Debug|ARM
		{0CB606D6-66FB-4049-BABF-0728B8FF26EA}.Debug|ARM.Build.0 = Debug|ARM
		{0CB606D6-66FB-4049-BABF-0728B8FF26EA}.Debug|iPhone.ActiveCfg = Debug|Any CPU
		{0CB606D6-66FB-4049-BABF-0728B8FF26EA}.Debug|iPhone.Build.0 = Debug|Any CPU
		{0CB606D6-66FB-4049-BABF-0728B8FF26EA}.Debug|iPhoneSimulator.ActiveCfg = Debug|Any CPU
		{0CB606D6-66FB-4049-BABF-0728B8FF26EA}.Debug|iPhoneSimulator.Build.0 = Debug|Any CPU
		{0CB606D6-66FB-4049-BABF-0728B8FF26EA}.Debug|x64.ActiveCfg = Debug|Any CPU
		{0CB606D6-66FB-4049-BABF-0728B8FF26EA}.Debug|x64.Build.0 = Debug|Any CPU
		{0CB606D6-66FB-4049-BABF-0728B8FF26EA}.Debug|x86.ActiveCfg = Debug|x86
		{0CB606D6-66FB-4049-BABF-0728B8FF26EA}.Debug|x86.Build.0 = Debug|x86
		{0CB606D6-66FB-4049-BABF-0728B8FF26EA}.Release|Any CPU.ActiveCfg = Release|Any CPU
		{0CB606D6-66FB-4049-BABF-0728B8FF26EA}.Release|Any CPU.Build.0 = Release|Any CPU
		{0CB606D6-66FB-4049-BABF-0728B8FF26EA}.Release|ARM.ActiveCfg = Release|ARM
		{0CB606D6-66FB-4049-BABF-0728B8FF26EA}.Release|iPhone.ActiveCfg = Release|Any CPU
		{0CB606D6-66FB-4049-BABF-0728B8FF26EA}.Release|iPhone.Build.0 = Release|Any CPU
		{0CB606D6-66FB-4049-BABF-0728B8FF26EA}.Release|iPhoneSimulator.ActiveCfg = Release|Any CPU
		{0CB606D6-66FB-4049-BABF-0728B8FF26EA}.Release|iPhoneSimulator.Build.0 = Release|Any CPU
		{0CB606D6-66FB-4049-BABF-0728B8FF26EA}.Release|x64.ActiveCfg = Release|Any CPU
		{0CB606D6-66FB-4049-BABF-0728B8FF26EA}.Release|x64.Build.0 = Release|Any CPU
		{0CB606D6-66FB-4049-BABF-0728B8FF26EA}.Release|x86.ActiveCfg = Release|x86
		{5649E0E9-1398-45A6-8B03-D38F242FB87E}.Ad-Hoc|Any CPU.ActiveCfg = Release|Any CPU
		{5649E0E9-1398-45A6-8B03-D38F242FB87E}.Ad-Hoc|Any CPU.Build.0 = Release|Any CPU
		{5649E0E9-1398-45A6-8B03-D38F242FB87E}.Ad-Hoc|ARM.ActiveCfg = Release|Any CPU
		{5649E0E9-1398-45A6-8B03-D38F242FB87E}.Ad-Hoc|ARM.Build.0 = Release|Any CPU
		{5649E0E9-1398-45A6-8B03-D38F242FB87E}.Ad-Hoc|iPhone.ActiveCfg = Release|Any CPU
		{5649E0E9-1398-45A6-8B03-D38F242FB87E}.Ad-Hoc|iPhone.Build.0 = Release|Any CPU
		{5649E0E9-1398-45A6-8B03-D38F242FB87E}.Ad-Hoc|iPhoneSimulator.ActiveCfg = Release|Any CPU
		{5649E0E9-1398-45A6-8B03-D38F242FB87E}.Ad-Hoc|iPhoneSimulator.Build.0 = Release|Any CPU
		{5649E0E9-1398-45A6-8B03-D38F242FB87E}.Ad-Hoc|x64.ActiveCfg = Release|Any CPU
		{5649E0E9-1398-45A6-8B03-D38F242FB87E}.Ad-Hoc|x64.Build.0 = Release|Any CPU
		{5649E0E9-1398-45A6-8B03-D38F242FB87E}.Ad-Hoc|x86.ActiveCfg = Release|Any CPU
		{5649E0E9-1398-45A6-8B03-D38F242FB87E}.Ad-Hoc|x86.Build.0 = Release|Any CPU
		{5649E0E9-1398-45A6-8B03-D38F242FB87E}.AppStore|Any CPU.ActiveCfg = Release|Any CPU
		{5649E0E9-1398-45A6-8B03-D38F242FB87E}.AppStore|Any CPU.Build.0 = Release|Any CPU
		{5649E0E9-1398-45A6-8B03-D38F242FB87E}.AppStore|ARM.ActiveCfg = Release|Any CPU
		{5649E0E9-1398-45A6-8B03-D38F242FB87E}.AppStore|ARM.Build.0 = Release|Any CPU
		{5649E0E9-1398-45A6-8B03-D38F242FB87E}.AppStore|iPhone.ActiveCfg = Release|Any CPU
		{5649E0E9-1398-45A6-8B03-D38F242FB87E}.AppStore|iPhone.Build.0 = Release|Any CPU
		{5649E0E9-1398-45A6-8B03-D38F242FB87E}.AppStore|iPhoneSimulator.ActiveCfg = Release|Any CPU
		{5649E0E9-1398-45A6-8B03-D38F242FB87E}.AppStore|iPhoneSimulator.Build.0 = Release|Any CPU
		{5649E0E9-1398-45A6-8B03-D38F242FB87E}.AppStore|x64.ActiveCfg = Release|Any CPU
		{5649E0E9-1398-45A6-8B03-D38F242FB87E}.AppStore|x64.Build.0 = Release|Any CPU
		{5649E0E9-1398-45A6-8B03-D38F242FB87E}.AppStore|x86.ActiveCfg = Release|Any CPU
		{5649E0E9-1398-45A6-8B03-D38F242FB87E}.AppStore|x86.Build.0 = Release|Any CPU
		{5649E0E9-1398-45A6-8B03-D38F242FB87E}.Debug|Any CPU.ActiveCfg = Debug|Any CPU
		{5649E0E9-1398-45A6-8B03-D38F242FB87E}.Debug|Any CPU.Build.0 = Debug|Any CPU
		{5649E0E9-1398-45A6-8B03-D38F242FB87E}.Debug|ARM.ActiveCfg = Debug|Any CPU
		{5649E0E9-1398-45A6-8B03-D38F242FB87E}.Debug|ARM.Build.0 = Debug|Any CPU
		{5649E0E9-1398-45A6-8B03-D38F242FB87E}.Debug|iPhone.ActiveCfg = Debug|Any CPU
		{5649E0E9-1398-45A6-8B03-D38F242FB87E}.Debug|iPhone.Build.0 = Debug|Any CPU
		{5649E0E9-1398-45A6-8B03-D38F242FB87E}.Debug|iPhoneSimulator.ActiveCfg = Debug|Any CPU
		{5649E0E9-1398-45A6-8B03-D38F242FB87E}.Debug|iPhoneSimulator.Build.0 = Debug|Any CPU
		{5649E0E9-1398-45A6-8B03-D38F242FB87E}.Debug|x64.ActiveCfg = Debug|Any CPU
		{5649E0E9-1398-45A6-8B03-D38F242FB87E}.Debug|x64.Build.0 = Debug|Any CPU
		{5649E0E9-1398-45A6-8B03-D38F242FB87E}.Debug|x86.ActiveCfg = Debug|Any CPU
		{5649E0E9-1398-45A6-8B03-D38F242FB87E}.Debug|x86.Build.0 = Debug|Any CPU
		{5649E0E9-1398-45A6-8B03-D38F242FB87E}.Release|Any CPU.ActiveCfg = Release|Any CPU
		{5649E0E9-1398-45A6-8B03-D38F242FB87E}.Release|Any CPU.Build.0 = Release|Any CPU
		{5649E0E9-1398-45A6-8B03-D38F242FB87E}.Release|ARM.ActiveCfg = Release|Any CPU
		{5649E0E9-1398-45A6-8B03-D38F242FB87E}.Release|iPhone.ActiveCfg = Release|Any CPU
		{5649E0E9-1398-45A6-8B03-D38F242FB87E}.Release|iPhone.Build.0 = Release|Any CPU
		{5649E0E9-1398-45A6-8B03-D38F242FB87E}.Release|iPhoneSimulator.ActiveCfg = Release|Any CPU
		{5649E0E9-1398-45A6-8B03-D38F242FB87E}.Release|iPhoneSimulator.Build.0 = Release|Any CPU
		{5649E0E9-1398-45A6-8B03-D38F242FB87E}.Release|x64.ActiveCfg = Release|Any CPU
		{5649E0E9-1398-45A6-8B03-D38F242FB87E}.Release|x64.Build.0 = Release|Any CPU
		{5649E0E9-1398-45A6-8B03-D38F242FB87E}.Release|x86.ActiveCfg = Release|Any CPU
		{5649E0E9-1398-45A6-8B03-D38F242FB87E}.Release|x86.Build.0 = Release|Any CPU
		{D7A08280-8550-4B51-A0E0-7CAB50661075}.Ad-Hoc|Any CPU.ActiveCfg = Release|Any CPU
		{D7A08280-8550-4B51-A0E0-7CAB50661075}.Ad-Hoc|Any CPU.Build.0 = Release|Any CPU
		{D7A08280-8550-4B51-A0E0-7CAB50661075}.Ad-Hoc|ARM.ActiveCfg = Release|Any CPU
		{D7A08280-8550-4B51-A0E0-7CAB50661075}.Ad-Hoc|ARM.Build.0 = Release|Any CPU
		{D7A08280-8550-4B51-A0E0-7CAB50661075}.Ad-Hoc|iPhone.ActiveCfg = Release|Any CPU
		{D7A08280-8550-4B51-A0E0-7CAB50661075}.Ad-Hoc|iPhone.Build.0 = Release|Any CPU
		{D7A08280-8550-4B51-A0E0-7CAB50661075}.Ad-Hoc|iPhoneSimulator.ActiveCfg = Release|Any CPU
		{D7A08280-8550-4B51-A0E0-7CAB50661075}.Ad-Hoc|iPhoneSimulator.Build.0 = Release|Any CPU
		{D7A08280-8550-4B51-A0E0-7CAB50661075}.Ad-Hoc|x64.ActiveCfg = Release|Any CPU
		{D7A08280-8550-4B51-A0E0-7CAB50661075}.Ad-Hoc|x64.Build.0 = Release|Any CPU
		{D7A08280-8550-4B51-A0E0-7CAB50661075}.Ad-Hoc|x86.ActiveCfg = Release|Any CPU
		{D7A08280-8550-4B51-A0E0-7CAB50661075}.Ad-Hoc|x86.Build.0 = Release|Any CPU
		{D7A08280-8550-4B51-A0E0-7CAB50661075}.AppStore|Any CPU.ActiveCfg = Release|Any CPU
		{D7A08280-8550-4B51-A0E0-7CAB50661075}.AppStore|Any CPU.Build.0 = Release|Any CPU
		{D7A08280-8550-4B51-A0E0-7CAB50661075}.AppStore|ARM.ActiveCfg = Release|Any CPU
		{D7A08280-8550-4B51-A0E0-7CAB50661075}.AppStore|ARM.Build.0 = Release|Any CPU
		{D7A08280-8550-4B51-A0E0-7CAB50661075}.AppStore|iPhone.ActiveCfg = Release|Any CPU
		{D7A08280-8550-4B51-A0E0-7CAB50661075}.AppStore|iPhone.Build.0 = Release|Any CPU
		{D7A08280-8550-4B51-A0E0-7CAB50661075}.AppStore|iPhoneSimulator.ActiveCfg = Release|Any CPU
		{D7A08280-8550-4B51-A0E0-7CAB50661075}.AppStore|iPhoneSimulator.Build.0 = Release|Any CPU
		{D7A08280-8550-4B51-A0E0-7CAB50661075}.AppStore|x64.ActiveCfg = Release|Any CPU
		{D7A08280-8550-4B51-A0E0-7CAB50661075}.AppStore|x64.Build.0 = Release|Any CPU
		{D7A08280-8550-4B51-A0E0-7CAB50661075}.AppStore|x86.ActiveCfg = Release|Any CPU
		{D7A08280-8550-4B51-A0E0-7CAB50661075}.AppStore|x86.Build.0 = Release|Any CPU
		{D7A08280-8550-4B51-A0E0-7CAB50661075}.Debug|Any CPU.ActiveCfg = Debug|Any CPU
		{D7A08280-8550-4B51-A0E0-7CAB50661075}.Debug|Any CPU.Build.0 = Debug|Any CPU
		{D7A08280-8550-4B51-A0E0-7CAB50661075}.Debug|ARM.ActiveCfg = Debug|Any CPU
		{D7A08280-8550-4B51-A0E0-7CAB50661075}.Debug|ARM.Build.0 = Debug|Any CPU
		{D7A08280-8550-4B51-A0E0-7CAB50661075}.Debug|iPhone.ActiveCfg = Debug|Any CPU
		{D7A08280-8550-4B51-A0E0-7CAB50661075}.Debug|iPhone.Build.0 = Debug|Any CPU
		{D7A08280-8550-4B51-A0E0-7CAB50661075}.Debug|iPhoneSimulator.ActiveCfg = Debug|Any CPU
		{D7A08280-8550-4B51-A0E0-7CAB50661075}.Debug|iPhoneSimulator.Build.0 = Debug|Any CPU
		{D7A08280-8550-4B51-A0E0-7CAB50661075}.Debug|x64.ActiveCfg = Debug|Any CPU
		{D7A08280-8550-4B51-A0E0-7CAB50661075}.Debug|x64.Build.0 = Debug|Any CPU
		{D7A08280-8550-4B51-A0E0-7CAB50661075}.Debug|x86.ActiveCfg = Debug|Any CPU
		{D7A08280-8550-4B51-A0E0-7CAB50661075}.Debug|x86.Build.0 = Debug|Any CPU
		{D7A08280-8550-4B51-A0E0-7CAB50661075}.Release|Any CPU.ActiveCfg = Release|Any CPU
		{D7A08280-8550-4B51-A0E0-7CAB50661075}.Release|Any CPU.Build.0 = Release|Any CPU
		{D7A08280-8550-4B51-A0E0-7CAB50661075}.Release|ARM.ActiveCfg = Release|Any CPU
		{D7A08280-8550-4B51-A0E0-7CAB50661075}.Release|iPhone.ActiveCfg = Release|Any CPU
		{D7A08280-8550-4B51-A0E0-7CAB50661075}.Release|iPhone.Build.0 = Release|Any CPU
		{D7A08280-8550-4B51-A0E0-7CAB50661075}.Release|iPhoneSimulator.ActiveCfg = Release|Any CPU
		{D7A08280-8550-4B51-A0E0-7CAB50661075}.Release|iPhoneSimulator.Build.0 = Release|Any CPU
		{D7A08280-8550-4B51-A0E0-7CAB50661075}.Release|x64.ActiveCfg = Release|Any CPU
		{D7A08280-8550-4B51-A0E0-7CAB50661075}.Release|x64.Build.0 = Release|Any CPU
		{D7A08280-8550-4B51-A0E0-7CAB50661075}.Release|x86.ActiveCfg = Release|Any CPU
		{D7A08280-8550-4B51-A0E0-7CAB50661075}.Release|x86.Build.0 = Release|Any CPU
		{F1B1586D-591F-4238-904A-1356302606E3}.Ad-Hoc|Any CPU.ActiveCfg = Release|Any CPU
		{F1B1586D-591F-4238-904A-1356302606E3}.Ad-Hoc|Any CPU.Build.0 = Release|Any CPU
		{F1B1586D-591F-4238-904A-1356302606E3}.Ad-Hoc|ARM.ActiveCfg = Release|Any CPU
		{F1B1586D-591F-4238-904A-1356302606E3}.Ad-Hoc|ARM.Build.0 = Release|Any CPU
		{F1B1586D-591F-4238-904A-1356302606E3}.Ad-Hoc|iPhone.ActiveCfg = Release|Any CPU
		{F1B1586D-591F-4238-904A-1356302606E3}.Ad-Hoc|iPhone.Build.0 = Release|Any CPU
		{F1B1586D-591F-4238-904A-1356302606E3}.Ad-Hoc|iPhoneSimulator.ActiveCfg = Release|Any CPU
		{F1B1586D-591F-4238-904A-1356302606E3}.Ad-Hoc|iPhoneSimulator.Build.0 = Release|Any CPU
		{F1B1586D-591F-4238-904A-1356302606E3}.Ad-Hoc|x64.ActiveCfg = Release|Any CPU
		{F1B1586D-591F-4238-904A-1356302606E3}.Ad-Hoc|x64.Build.0 = Release|Any CPU
		{F1B1586D-591F-4238-904A-1356302606E3}.Ad-Hoc|x86.ActiveCfg = Release|Any CPU
		{F1B1586D-591F-4238-904A-1356302606E3}.Ad-Hoc|x86.Build.0 = Release|Any CPU
		{F1B1586D-591F-4238-904A-1356302606E3}.AppStore|Any CPU.ActiveCfg = Release|Any CPU
		{F1B1586D-591F-4238-904A-1356302606E3}.AppStore|Any CPU.Build.0 = Release|Any CPU
		{F1B1586D-591F-4238-904A-1356302606E3}.AppStore|ARM.ActiveCfg = Release|Any CPU
		{F1B1586D-591F-4238-904A-1356302606E3}.AppStore|ARM.Build.0 = Release|Any CPU
		{F1B1586D-591F-4238-904A-1356302606E3}.AppStore|iPhone.ActiveCfg = Release|Any CPU
		{F1B1586D-591F-4238-904A-1356302606E3}.AppStore|iPhone.Build.0 = Release|Any CPU
		{F1B1586D-591F-4238-904A-1356302606E3}.AppStore|iPhoneSimulator.ActiveCfg = Release|Any CPU
		{F1B1586D-591F-4238-904A-1356302606E3}.AppStore|iPhoneSimulator.Build.0 = Release|Any CPU
		{F1B1586D-591F-4238-904A-1356302606E3}.AppStore|x64.ActiveCfg = Release|Any CPU
		{F1B1586D-591F-4238-904A-1356302606E3}.AppStore|x64.Build.0 = Release|Any CPU
		{F1B1586D-591F-4238-904A-1356302606E3}.AppStore|x86.ActiveCfg = Release|Any CPU
		{F1B1586D-591F-4238-904A-1356302606E3}.AppStore|x86.Build.0 = Release|Any CPU
		{F1B1586D-591F-4238-904A-1356302606E3}.Debug|Any CPU.ActiveCfg = Debug|Any CPU
		{F1B1586D-591F-4238-904A-1356302606E3}.Debug|Any CPU.Build.0 = Debug|Any CPU
		{F1B1586D-591F-4238-904A-1356302606E3}.Debug|ARM.ActiveCfg = Debug|Any CPU
		{F1B1586D-591F-4238-904A-1356302606E3}.Debug|ARM.Build.0 = Debug|Any CPU
		{F1B1586D-591F-4238-904A-1356302606E3}.Debug|iPhone.ActiveCfg = Debug|Any CPU
		{F1B1586D-591F-4238-904A-1356302606E3}.Debug|iPhone.Build.0 = Debug|Any CPU
		{F1B1586D-591F-4238-904A-1356302606E3}.Debug|iPhoneSimulator.ActiveCfg = Debug|Any CPU
		{F1B1586D-591F-4238-904A-1356302606E3}.Debug|iPhoneSimulator.Build.0 = Debug|Any CPU
		{F1B1586D-591F-4238-904A-1356302606E3}.Debug|x64.ActiveCfg = Debug|Any CPU
		{F1B1586D-591F-4238-904A-1356302606E3}.Debug|x64.Build.0 = Debug|Any CPU
		{F1B1586D-591F-4238-904A-1356302606E3}.Debug|x86.ActiveCfg = Debug|Any CPU
		{F1B1586D-591F-4238-904A-1356302606E3}.Debug|x86.Build.0 = Debug|Any CPU
		{F1B1586D-591F-4238-904A-1356302606E3}.Release|Any CPU.ActiveCfg = Release|Any CPU
		{F1B1586D-591F-4238-904A-1356302606E3}.Release|Any CPU.Build.0 = Release|Any CPU
		{F1B1586D-591F-4238-904A-1356302606E3}.Release|ARM.ActiveCfg = Release|Any CPU
		{F1B1586D-591F-4238-904A-1356302606E3}.Release|ARM.Build.0 = Release|Any CPU
		{F1B1586D-591F-4238-904A-1356302606E3}.Release|iPhone.ActiveCfg = Release|Any CPU
		{F1B1586D-591F-4238-904A-1356302606E3}.Release|iPhone.Build.0 = Release|Any CPU
		{F1B1586D-591F-4238-904A-1356302606E3}.Release|iPhoneSimulator.ActiveCfg = Release|Any CPU
		{F1B1586D-591F-4238-904A-1356302606E3}.Release|iPhoneSimulator.Build.0 = Release|Any CPU
		{F1B1586D-591F-4238-904A-1356302606E3}.Release|x64.ActiveCfg = Release|Any CPU
		{F1B1586D-591F-4238-904A-1356302606E3}.Release|x64.Build.0 = Release|Any CPU
		{F1B1586D-591F-4238-904A-1356302606E3}.Release|x86.ActiveCfg = Release|Any CPU
		{F1B1586D-591F-4238-904A-1356302606E3}.Release|x86.Build.0 = Release|Any CPU
		{41276A7D-8D26-49E2-8638-62A812766870}.Ad-Hoc|Any CPU.ActiveCfg = Release|Any CPU
		{41276A7D-8D26-49E2-8638-62A812766870}.Ad-Hoc|Any CPU.Build.0 = Release|Any CPU
		{41276A7D-8D26-49E2-8638-62A812766870}.Ad-Hoc|ARM.ActiveCfg = Release|Any CPU
		{41276A7D-8D26-49E2-8638-62A812766870}.Ad-Hoc|ARM.Build.0 = Release|Any CPU
		{41276A7D-8D26-49E2-8638-62A812766870}.Ad-Hoc|iPhone.ActiveCfg = Release|Any CPU
		{41276A7D-8D26-49E2-8638-62A812766870}.Ad-Hoc|iPhone.Build.0 = Release|Any CPU
		{41276A7D-8D26-49E2-8638-62A812766870}.Ad-Hoc|iPhoneSimulator.ActiveCfg = Release|Any CPU
		{41276A7D-8D26-49E2-8638-62A812766870}.Ad-Hoc|iPhoneSimulator.Build.0 = Release|Any CPU
		{41276A7D-8D26-49E2-8638-62A812766870}.Ad-Hoc|x64.ActiveCfg = Release|Any CPU
		{41276A7D-8D26-49E2-8638-62A812766870}.Ad-Hoc|x64.Build.0 = Release|Any CPU
		{41276A7D-8D26-49E2-8638-62A812766870}.Ad-Hoc|x86.ActiveCfg = Release|Any CPU
		{41276A7D-8D26-49E2-8638-62A812766870}.Ad-Hoc|x86.Build.0 = Release|Any CPU
		{41276A7D-8D26-49E2-8638-62A812766870}.AppStore|Any CPU.ActiveCfg = Release|Any CPU
		{41276A7D-8D26-49E2-8638-62A812766870}.AppStore|Any CPU.Build.0 = Release|Any CPU
		{41276A7D-8D26-49E2-8638-62A812766870}.AppStore|ARM.ActiveCfg = Release|Any CPU
		{41276A7D-8D26-49E2-8638-62A812766870}.AppStore|ARM.Build.0 = Release|Any CPU
		{41276A7D-8D26-49E2-8638-62A812766870}.AppStore|iPhone.ActiveCfg = Release|Any CPU
		{41276A7D-8D26-49E2-8638-62A812766870}.AppStore|iPhone.Build.0 = Release|Any CPU
		{41276A7D-8D26-49E2-8638-62A812766870}.AppStore|iPhoneSimulator.ActiveCfg = Release|Any CPU
		{41276A7D-8D26-49E2-8638-62A812766870}.AppStore|iPhoneSimulator.Build.0 = Release|Any CPU
		{41276A7D-8D26-49E2-8638-62A812766870}.AppStore|x64.ActiveCfg = Release|Any CPU
		{41276A7D-8D26-49E2-8638-62A812766870}.AppStore|x64.Build.0 = Release|Any CPU
		{41276A7D-8D26-49E2-8638-62A812766870}.AppStore|x86.ActiveCfg = Release|Any CPU
		{41276A7D-8D26-49E2-8638-62A812766870}.AppStore|x86.Build.0 = Release|Any CPU
		{41276A7D-8D26-49E2-8638-62A812766870}.Debug|Any CPU.ActiveCfg = Debug|Any CPU
		{41276A7D-8D26-49E2-8638-62A812766870}.Debug|Any CPU.Build.0 = Debug|Any CPU
		{41276A7D-8D26-49E2-8638-62A812766870}.Debug|ARM.ActiveCfg = Debug|Any CPU
		{41276A7D-8D26-49E2-8638-62A812766870}.Debug|ARM.Build.0 = Debug|Any CPU
		{41276A7D-8D26-49E2-8638-62A812766870}.Debug|iPhone.ActiveCfg = Debug|Any CPU
		{41276A7D-8D26-49E2-8638-62A812766870}.Debug|iPhone.Build.0 = Debug|Any CPU
		{41276A7D-8D26-49E2-8638-62A812766870}.Debug|iPhoneSimulator.ActiveCfg = Debug|Any CPU
		{41276A7D-8D26-49E2-8638-62A812766870}.Debug|iPhoneSimulator.Build.0 = Debug|Any CPU
		{41276A7D-8D26-49E2-8638-62A812766870}.Debug|x64.ActiveCfg = Debug|Any CPU
		{41276A7D-8D26-49E2-8638-62A812766870}.Debug|x64.Build.0 = Debug|Any CPU
		{41276A7D-8D26-49E2-8638-62A812766870}.Debug|x86.ActiveCfg = Debug|Any CPU
		{41276A7D-8D26-49E2-8638-62A812766870}.Debug|x86.Build.0 = Debug|Any CPU
		{41276A7D-8D26-49E2-8638-62A812766870}.Release|Any CPU.ActiveCfg = Release|Any CPU
		{41276A7D-8D26-49E2-8638-62A812766870}.Release|Any CPU.Build.0 = Release|Any CPU
		{41276A7D-8D26-49E2-8638-62A812766870}.Release|ARM.ActiveCfg = Release|Any CPU
		{41276A7D-8D26-49E2-8638-62A812766870}.Release|ARM.Build.0 = Release|Any CPU
		{41276A7D-8D26-49E2-8638-62A812766870}.Release|iPhone.ActiveCfg = Release|Any CPU
		{41276A7D-8D26-49E2-8638-62A812766870}.Release|iPhone.Build.0 = Release|Any CPU
		{41276A7D-8D26-49E2-8638-62A812766870}.Release|iPhoneSimulator.ActiveCfg = Release|Any CPU
		{41276A7D-8D26-49E2-8638-62A812766870}.Release|iPhoneSimulator.Build.0 = Release|Any CPU
		{41276A7D-8D26-49E2-8638-62A812766870}.Release|x64.ActiveCfg = Release|Any CPU
		{41276A7D-8D26-49E2-8638-62A812766870}.Release|x64.Build.0 = Release|Any CPU
		{41276A7D-8D26-49E2-8638-62A812766870}.Release|x86.ActiveCfg = Release|Any CPU
		{41276A7D-8D26-49E2-8638-62A812766870}.Release|x86.Build.0 = Release|Any CPU
	EndGlobalSection
	GlobalSection(SolutionProperties) = preSolution
		HideSolutionNode = FALSE
	EndGlobalSection
	GlobalSection(NestedProjects) = preSolution
		{0C230FC9-E5B6-4B83-99DF-2BC0489382F3} = {95153AFB-4485-43BC-85CA-F90A1AA0B801}
	EndGlobalSection
EndGlobal
